{
  "name": "renderkid",
  "version": "2.0.1",
  "lockfileVersion": 1,
  "requires": true,
  "dependencies": {
    "CSSselect": {
      "version": "0.3.11",
      "resolved": "https://registry.npmjs.org/CSSselect/-/CSSselect-0.3.11.tgz",
      "integrity": "sha1-B3mgadEtqf9Ydd0SWgKHWZwFtqU=",
      "dev": true,
      "requires": {
        "CSSwhat": "0.4.7",
        "domutils": "1.2.2"
      },
      "dependencies": {
        "CSSwhat": {
          "version": "0.4.7",
          "resolved": "https://registry.npmjs.org/CSSwhat/-/CSSwhat-0.4.7.tgz",
          "integrity": "sha1-hn2g/zn3eGEyQsRM/qg/CqTr35s=",
          "dev": true
        },
        "domutils": {
          "version": "1.2.2",
          "resolved": "https://registry.npmjs.org/domutils/-/domutils-1.2.2.tgz",
          "integrity": "sha1-vVnRSc8sA0/sgaHOBjvCD7Vyoqs=",
          "dev": true,
          "requires": {
            "domelementtype": "1.3.0"
          },
          "dependencies": {
            "domelementtype": {
              "version": "1.3.0",
              "resolved": "https://registry.npmjs.org/domelementtype/-/domelementtype-1.3.0.tgz",
              "integrity": "sha1-sXrtguirWeUt2cGbF1bg/BhyBMI=",
              "dev": true
            }
          }
        }
      }
    },
    "assertion-error": {
      "version": "1.1.0",
      "resolved": "https://registry.npmjs.org/assertion-error/-/assertion-error-1.1.0.tgz",
      "integrity": "sha512-jgsaNduz+ndvGyFt3uSuWqvy4lCnIJiovtouQN5JZHOKCS2QuhEdbcQHFhVksz2N2U9hXJo8odG7ETyWlEeuDw==",
      "dev": true
    },
    "chai": {
      "version": "4.1.2",
      "resolved": "https://registry.npmjs.org/chai/-/chai-4.1.2.tgz",
      "integrity": "sha1-D2RYS6ZC8PKs4oBiefTwbKI61zw=",
      "dev": true,
      "requires": {
        "assertion-error": "1.1.0",
        "check-error": "1.0.2",
        "deep-eql": "3.0.1",
        "get-func-name": "2.0.0",
        "pathval": "1.1.0",
        "type-detect": "4.0.8"
      }
    },
    "chai-changes": {
      "version": "1.3.4",
      "resolved": "https://registry.npmjs.org/chai-changes/-/chai-changes-1.3.4.tgz",
      "integrity": "sha1-IWIN9JMH88jXH/tlOtDoV6Ab+Wo=",
      "dev": true
    },
    "chai-fuzzy": {
      "version": "1.5.0",
      "resolved": "https://registry.npmjs.org/chai-fuzzy/-/chai-fuzzy-1.5.0.tgz",
      "integrity": "sha1-AXIUrhie7o/YxWkbQdZr1G7QsYs=",
      "dev": true
    },
    "check-error": {
      "version": "1.0.2",
      "resolved": "https://registry.npmjs.org/check-error/-/check-error-1.0.2.tgz",
      "integrity": "sha1-V00xLt2Iu13YkS6Sht1sCu1KrII=",
      "dev": true
    },
    "coffee-script": {
      "version": "1.9.3",
      "resolved": "https://registry.npmjs.org/coffee-script/-/coffee-script-1.9.3.tgz",
      "integrity": "sha1-WW5ug/z8tnxZZKtw1ES+/wrASsc=",
      "dev": true
    },
    "commander": {
      "version": "2.3.0",
      "resolved": "http://registry.npmjs.org/commander/-/commander-2.3.0.tgz",
      "integrity": "sha1-/UMOiJgy7DU7ms0d4hfBHLPu+HM=",
      "dev": true
    },
    "css-select": {
      "version": "1.1.0",
      "resolved": "https://registry.npmjs.org/css-select/-/css-select-1.1.0.tgz",
      "integrity": "sha1-tR7Jx9CrULn81h5SlQQ4exIC1sQ=",
      "requires": {
        "boolbase": "1.0.0",
        "css-what": "2.0.2",
        "domutils": "1.4.3",
        "nth-check": "1.0.1"
      },
      "dependencies": {
        "boolbase": {
          "version": "1.0.0",
          "resolved": "https://registry.npmjs.org/boolbase/-/boolbase-1.0.0.tgz",
          "integrity": "sha1-aN/1++YMUes3cl6p4+0xDcwed24="
        },
        "css-what": {
          "version": "2.0.2",
          "resolved": "https://registry.npmjs.org/css-what/-/css-what-2.0.2.tgz",
          "integrity": "sha1-VV+HrDhnaNsJy0OWJXH+hRQJvOg="
        },
        "domutils": {
          "version": "1.4.3",
          "resolved": "https://registry.npmjs.org/domutils/-/domutils-1.4.3.tgz",
          "integrity": "sha1-CGVRN5bGswYDGFDhdVFrr4C3Km8=",
          "requires": {
            "domelementtype": "1.3.0"
          },
          "dependencies": {
            "domelementtype": {
              "version": "1.3.0",
              "resolved": "https://registry.npmjs.org/domelementtype/-/domelementtype-1.3.0.tgz",
              "integrity": "sha1-sXrtguirWeUt2cGbF1bg/BhyBMI="
            }
          }
        },
        "nth-check": {
          "version": "1.0.1",
          "resolved": "https://registry.npmjs.org/nth-check/-/nth-check-1.0.1.tgz",
          "integrity": "sha1-mSms32KPwsQQmN6rgqxYDPFJquQ=",
          "requires": {
            "boolbase": "1.0.0"
          }
        }
      }
    },
    "debug": {
      "version": "2.2.0",
      "resolved": "http://registry.npmjs.org/debug/-/debug-2.2.0.tgz",
      "integrity": "sha1-+HBX6ZWxofauaklgZkE3vFbwOdo=",
      "dev": true,
      "requires": {
        "ms": "0.7.1"
      }
    },
    "deep-eql": {
      "version": "3.0.1",
      "resolved": "https://registry.npmjs.org/deep-eql/-/deep-eql-3.0.1.tgz",
      "integrity": "sha512-+QeIQyN5ZuO+3Uk5DYh6/1eKO0m0YmJFGNmFHGACpf1ClL1nmlV/p4gNgbl2pJGxgXb4faqo6UE+M5ACEMyVcw==",
      "dev": true,
      "requires": {
        "type-detect": "4.0.8"
      }
    },
    "diff": {
      "version": "1.4.0",
      "resolved": "https://registry.npmjs.org/diff/-/diff-1.4.0.tgz",
      "integrity": "sha1-fyjS657nsVqX79ic5j3P2qPMur8=",
      "dev": true
    },
    "dom-converter": {
      "version": "0.2.0",
      "resolved": "https://registry.npmjs.org/dom-converter/-/dom-converter-0.2.0.tgz",
      "integrity": "sha512-gd3ypIPfOMr9h5jIKq8E3sHOTCjeirnl0WK5ZdS1AW0Odt0b1PaWaHdJ4Qk4klv+YB9aJBS7mESXjFoDQPu6DA==",
      "requires": {
        "utila": "0.4.0"
      }
    },
    "escape-string-regexp": {
      "version": "1.0.2",
      "resolved": "https://registry.npmjs.org/escape-string-regexp/-/escape-string-regexp-1.0.2.tgz",
      "integrity": "sha1-Tbwv5nTnGUnK8/smlc5/LcHZqNE=",
      "dev": true
    },
    "get-func-name": {
      "version": "2.0.0",
      "resolved": "https://registry.npmjs.org/get-func-name/-/get-func-name-2.0.0.tgz",
      "integrity": "sha1-6td0q+5y4gQJQzoGY2YCPdaIekE=",
      "dev": true
    },
    "glob": {
      "version": "3.2.11",
      "resolved": "https://registry.npmjs.org/glob/-/glob-3.2.11.tgz",
      "integrity": "sha1-Spc/Y1uRkPcV0QmH1cAP0oFevj0=",
      "dev": true,
      "requires": {
        "inherits": "2.0.3",
        "minimatch": "0.3.0"
      }
    },
    "growl": {
      "version": "1.9.2",
      "resolved": "https://registry.npmjs.org/growl/-/growl-1.9.2.tgz",
      "integrity": "sha1-Dqd0NxXbjY3ixe3hd14bRayFwC8=",
      "dev": true
    },
    "htmlparser2": {
      "version": "3.3.0",
      "resolved": "https://registry.npmjs.org/htmlparser2/-/htmlparser2-3.3.0.tgz",
      "integrity": "sha1-zHDQWln2VC5D8OaFyYLhTJJKnv4=",
      "requires": {
        "domelementtype": "1.3.0",
        "domhandler": "2.1.0",
        "domutils": "1.1.6",
        "readable-stream": "1.0.33"
      },
      "dependencies": {
        "domelementtype": {
          "version": "1.3.0",
          "resolved": "https://registry.npmjs.org/domelementtype/-/domelementtype-1.3.0.tgz",
          "integrity": "sha1-sXrtguirWeUt2cGbF1bg/BhyBMI="
        },
        "domhandler": {
          "version": "2.1.0",
          "resolved": "https://registry.npmjs.org/domhandler/-/domhandler-2.1.0.tgz",
          "integrity": "sha1-0mRvXlf2w7qxHPbLBdPArPdBJZQ=",
          "requires": {
            "domelementtype": "1.3.0"
          }
        },
        "domutils": {
          "version": "1.1.6",
          "resolved": "https://registry.npmjs.org/domutils/-/domutils-1.1.6.tgz",
          "integrity": "sha1-vdw94Jm5ou+sxRxiPyj0FuzFdIU=",
          "requires": {
            "domelementtype": "1.3.0"
          }
        },
        "readable-stream": {
          "version": "1.0.33",
          "resolved": "https://registry.npmjs.org/readable-stream/-/readable-stream-1.0.33.tgz",
          "integrity": "sha1-OjYN1mwbHX/UcFOJhg7aHQ9hEmw=",
          "requires": {
            "core-util-is": "1.0.1",
            "inherits": "2.0.1",
            "isarray": "0.0.1",
            "string_decoder": "0.10.31"
          },
          "dependencies": {
            "core-util-is": {
              "version": "1.0.1",
              "resolved": "https://registry.npmjs.org/core-util-is/-/core-util-is-1.0.1.tgz",
              "integrity": "sha1-awcIWu+aPMrG7lO/nT3wwVIaVTg="
            },
            "inherits": {
              "version": "2.0.1",
              "resolved": "https://registry.npmjs.org/inherits/-/inherits-2.0.1.tgz",
              "integrity": "sha1-sX0I0ya0Qj5Wjv9xn5GwscvfafE="
            },
            "isarray": {
              "version": "0.0.1",
              "resolved": "https://registry.npmjs.org/isarray/-/isarray-0.0.1.tgz",
              "integrity": "sha1-ihis/Kmo9Bd+Cav8YDiTmwXR7t8="
            },
            "string_decoder": {
              "version": "0.10.31",
              "resolved": "https://registry.npmjs.org/string_decoder/-/string_decoder-0.10.31.tgz",
              "integrity": "sha1-YuIDvEF2bGwoyfyEMB2rHFMQ+pQ="
            }
          }
        }
      }
    },
    "inherits": {
      "version": "2.0.3",
      "resolved": "https://registry.npmjs.org/inherits/-/inherits-2.0.3.tgz",
      "integrity": "sha1-Yzwsg+PaQqUC9SRmAiSA9CCCYd4=",
      "dev": true
    },
    "jade": {
      "version": "0.26.3",
      "resolved": "https://registry.npmjs.org/jade/-/jade-0.26.3.tgz",
      "integrity": "sha1-jxDXl32NefL2/4YqgbBRPMslaGw=",
      "dev": true,
      "requires": {
        "commander": "0.6.1",
        "mkdirp": "0.3.0"
      },
      "dependencies": {
        "commander": {
          "version": "0.6.1",
          "resolved": "http://registry.npmjs.org/commander/-/commander-0.6.1.tgz",
          "integrity": "sha1-+mihT2qUXVTbvlDYzbMyDp47GgY=",
          "dev": true
        },
        "mkdirp": {
          "version": "0.3.0",
          "resolved": "http://registry.npmjs.org/mkdirp/-/mkdirp-0.3.0.tgz",
          "integrity": "sha1-G79asbqCevI1dRQ0kEJkVfSB/h4=",
          "dev": true
        }
      }
    },
    "jitter": {
      "version": "1.3.0",
      "resolved": "https://registry.npmjs.org/jitter/-/jitter-1.3.0.tgz",
      "integrity": "sha1-FdmuRAfz5jJ9atM2+vDrxb4NJfA=",
      "dev": true,
      "requires": {
        "coffee-script": "1.9.3",
        "sink": "0.1.1"
      },
      "dependencies": {
        "sink": {
          "version": "0.1.1",
          "resolved": "https://registry.npmjs.org/sink/-/sink-0.1.1.tgz",
          "integrity": "sha1-9aZZS3dOBGEtinVViT3OpqwIC+k=",
          "dev": true
        }
      }
    },
    "lru-cache": {
      "version": "2.7.3",
      "resolved": "https://registry.npmjs.org/lru-cache/-/lru-cache-2.7.3.tgz",
      "integrity": "sha1-bUUk6LlV+V1PW1iFHOId1y+06VI=",
      "dev": true
    },
    "minimatch": {
      "version": "0.3.0",
      "resolved": "https://registry.npmjs.org/minimatch/-/minimatch-0.3.0.tgz",
      "integrity": "sha1-J12O2qxPG7MyZHIInnlJyDlGmd0=",
      "dev": true,
      "requires": {
        "lru-cache": "2.7.3",
        "sigmund": "1.0.1"
      }
    },
    "minimist": {
      "version": "0.0.8",
      "resolved": "http://registry.npmjs.org/minimist/-/minimist-0.0.8.tgz",
      "integrity": "sha1-hX/Kv8M5fSYluCKCYuhqp6ARsF0=",
      "dev": true
    },
    "mkdirp": {
      "version": "0.5.1",
      "resolved": "http://registry.npmjs.org/mkdirp/-/mkdirp-0.5.1.tgz",
      "integrity": "sha1-MAV0OOrGz3+MR2fzhkjWaX11yQM=",
      "dev": true,
      "requires": {
        "minimist": "0.0.8"
      }
    },
    "mocha": {
      "version": "2.5.3",
      "resolved": "http://registry.npmjs.org/mocha/-/mocha-2.5.3.tgz",
      "integrity": "sha1-FhvlvetJZ3HrmzV0UFC2IrWu/Fg=",
      "dev": true,
      "requires": {
        "commander": "2.3.0",
        "debug": "2.2.0",
        "diff": "1.4.0",
        "escape-string-regexp": "1.0.2",
        "glob": "3.2.11",
        "growl": "1.9.2",
        "jade": "0.26.3",
        "mkdirp": "0.5.1",
        "supports-color": "1.2.0",
        "to-iso-string": "0.0.2"
      }
    },
    "mocha-pretty-spec-reporter": {
      "version": "0.1.0-beta.2",
      "resolved": "https://registry.npmjs.org/mocha-pretty-spec-reporter/-/mocha-pretty-spec-reporter-0.1.0-beta.2.tgz",
      "integrity": "sha1-YxRiVqYa16NGT+GdRF4W9OizKIw=",
      "dev": true,
      "requires": {
        "diff": "1.4.0",
        "pretty-error": "1.1.2"
      },
      "dependencies": {
        "diff": {
          "version": "1.4.0",
          "resolved": "https://registry.npmjs.org/diff/-/diff-1.4.0.tgz",
          "integrity": "sha1-fyjS657nsVqX79ic5j3P2qPMur8=",
          "dev": true
        },
        "pretty-error": {
          "version": "1.1.2",
          "resolved": "https://registry.npmjs.org/pretty-error/-/pretty-error-1.1.2.tgz",
          "integrity": "sha1-hbcQnn1CiW6SahAqNDXBJSs048Y=",
          "dev": true,
          "requires": {
            "renderkid": "0.2.1",
            "utila": "0.4.0"
          },
          "dependencies": {
            "renderkid": {
              "version": "0.2.1",
              "resolved": "https://registry.npmjs.org/renderkid/-/renderkid-0.2.1.tgz",
              "integrity": "sha1-5/h49rYmyXdqy2sTULEeNRi+X/4=",
              "dev": true,
              "requires": {
                "CSSselect": "0.3.11",
                "dom-converter": "0.1.4",
                "htmlparser2": "3.3.0",
                "utila": "0.3.3"
              },
              "dependencies": {
                "dom-converter": {
                  "version": "0.1.4",
                  "resolved": "http://registry.npmjs.org/dom-converter/-/dom-converter-0.1.4.tgz",
                  "integrity": "sha1-pF71cnuJDJv/5tfIduexnLDhfzs=",
                  "dev": true,
                  "requires": {
                    "utila": "0.3.3"
                  }
                },
                "utila": {
                  "version": "0.3.3",
                  "resolved": "https://registry.npmjs.org/utila/-/utila-0.3.3.tgz",
                  "integrity": "sha1-1+jn1+MJEHCSsF+NloiCTWM6QiY=",
                  "dev": true
                }
              }
            },
            "utila": {
              "version": "0.4.0",
              "resolved": "https://registry.npmjs.org/utila/-/utila-0.4.0.tgz",
              "integrity": "sha1-ihagXURWV6Oupe7MWxKk+lN5dyw=",
              "dev": true
            }
          }
        }
      }
    },
    "ms": {
      "version": "0.7.1",
      "resolved": "https://registry.npmjs.org/ms/-/ms-0.7.1.tgz",
      "integrity": "sha1-nNE8A62/8ltl7/3nzoZO6VIBcJg=",
      "dev": true
    },
    "pathval": {
      "version": "1.1.0",
      "resolved": "https://registry.npmjs.org/pathval/-/pathval-1.1.0.tgz",
      "integrity": "sha1-uULm1L3mUwBe9rcTYd74cn0GReA=",
      "dev": true
    },
    "sigmund": {
      "version": "1.0.1",
      "resolved": "https://registry.npmjs.org/sigmund/-/sigmund-1.0.1.tgz",
      "integrity": "sha1-P/IfGYytIXX587eBhT/ZTQ0ZtZA=",
      "dev": true
    },
    "sinon": {
      "version": "1.15.4",
      "resolved": "https://registry.npmjs.org/sinon/-/sinon-1.15.4.tgz",
      "integrity": "sha1-AxXxdM5bMXkq6i46Kvxbt4BMemo=",
      "dev": true,
      "requires": {
        "formatio": "1.1.1",
        "lolex": "1.1.0",
        "samsam": "1.1.2",
        "util": "0.10.3"
      },
      "dependencies": {
        "formatio": {
          "version": "1.1.1",
          "resolved": "https://registry.npmjs.org/formatio/-/formatio-1.1.1.tgz",
          "integrity": "sha1-XtPM1jZVEJc4NGXZlhmRAOhhYek=",
          "dev": true,
          "requires": {
            "samsam": "1.1.2"
          }
        },
        "lolex": {
          "version": "1.1.0",
          "resolved": "https://registry.npmjs.org/lolex/-/lolex-1.1.0.tgz",
          "integrity": "sha1-Xbu8hQOV51I8dLNYb3+9JibSWxs=",
          "dev": true
        },
        "samsam": {
          "version": "1.1.2",
          "resolved": "https://registry.npmjs.org/samsam/-/samsam-1.1.2.tgz",
          "integrity": "sha1-vsEf3IOp/aBjQBIQ5AF2wwJNFWc=",
          "dev": true
        },
        "util": {
          "version": "0.10.3",
          "resolved": "https://registry.npmjs.org/util/-/util-0.10.3.tgz",
          "integrity": "sha1-evsa/lCAUkZInj23/g7TeTNqwPk=",
          "dev": true,
          "requires": {
            "inherits": "2.0.1"
          },
          "dependencies": {
            "inherits": {
              "version": "2.0.1",
              "resolved": "https://registry.npmjs.org/inherits/-/inherits-2.0.1.tgz",
              "integrity": "sha1-sX0I0ya0Qj5Wjv9xn5GwscvfafE=",
              "dev": true
            }
          }
        }
      }
    },
    "sinon-chai": {
      "version": "2.8.0",
      "resolved": "https://registry.npmjs.org/sinon-chai/-/sinon-chai-2.8.0.tgz",
      "integrity": "sha1-Qyqbv9Uab8AHmPTSUmqCnAYGh6w=",
      "dev": true
    },
    "strip-ansi": {
      "version": "3.0.0",
      "resolved": "https://registry.npmjs.org/strip-ansi/-/strip-ansi-3.0.0.tgz",
      "integrity": "sha1-dRC2ZVZ8qRTMtdfgcnY6yWi+NyQ=",
      "requires": {
        "ansi-regex": "2.0.0"
      },
      "dependencies": {
        "ansi-regex": {
          "version": "2.0.0",
          "resolved": "https://registry.npmjs.org/ansi-regex/-/ansi-regex-2.0.0.tgz",
          "integrity": "sha1-xQYbbg74qBd15Q9dZhUb9r83EQc="
        }
      }
    },
    "supports-color": {
      "version": "1.2.0",
      "resolved": "https://registry.npmjs.org/supports-color/-/supports-color-1.2.0.tgz",
      "integrity": "sha1-/x7R5hFp0Gs88tWI4YixjYhH4X4=",
      "dev": true
    },
    "to-iso-string": {
      "version": "0.0.2",
      "resolved": "https://registry.npmjs.org/to-iso-string/-/to-iso-string-0.0.2.tgz",
      "integrity": "sha1-TcGeZk38y+Jb2NtQiwDG2hWCVdE=",
      "dev": true
    },
    "type-detect": {
      "version": "4.0.8",
      "resolved": "https://registry.npmjs.org/type-detect/-/type-detect-4.0.8.tgz",
      "integrity": "sha512-0fr/mIH1dlO+x7TlcMy+bIDqKPsw/70tVyeHW787goQjhmqaZe10uwLujubK9q9Lg6Fiho1KUKDYz0Z7k7g5/g==",
      "dev": true
    },
    "underscore": {
      "version": "1.8.3",
      "resolved": "https://registry.npmjs.org/underscore/-/underscore-1.8.3.tgz",
      "integrity": "sha1-Tz+1OxBuYJf8+ctBCfKl6b36UCI=",
      "dev": true
    },
    "utila": {
      "version": "0.4.0",
      "resolved": "https://registry.npmjs.org/utila/-/utila-0.4.0.tgz",
      "integrity": "sha1-ihagXURWV6Oupe7MWxKk+lN5dyw="
    }
  }
}
